{
  "name": "package.json",
  "version": "0.1.0",
  "lockfileVersion": 2,
  "requires": true,
  "packages": {
    "": {
      "name": "package.json",
      "version": "0.1.0",
      "dependencies": {
        "react": "^18.2.0",
        "react-dom": "^18.2.0",
        "react-scripts": "5.0.1"
      }
    },
    "node_modules/react": {
      "version": "18.2.0",
      "resolved": "https://registry.npmjs.org/react/-/react-18.2.0.tgz",
      "integrity": "sha512-/3IjMdb2L9QbBdWiW5e3P2/npwMBaU9mHCSJWhCoWetS+ZrKj0z0xZ5PJIalok1iujEvanB0ZFclmdoUe2b60A==",
      "dependencies": {
        "loose-envify": "^1.1.0"
      },
      "engines": {
        "node": ">=0.10.0"
      }
    },
    "node_modules/react-dom": {
      "version": "18.2.0",
      "resolved": "https://registry.npmjs.org/react-dom/-/react-dom-18.2.0.tgz",
      "integrity": "sha512-6IMTriUmvsjHUjNtEDudZfuDQUcTY4JqWTA+3xH9eoJHaNu3L/0/RuixjwQZZbbVftbzWwxWtsVPAZ+DL+Dt6Q==",
      "dependencies": {
        "loose-envify": "^1.1.0",
        "scheduler": "^0.23.0"
      },
      "peerDependencies": {
        "react": "^18.2.0"
      }
    },
    "node_modules/react-scripts": {
      "version": "5.0.1",
      "resolved": "https://registry.npmjs.org/react-scripts/-/react-scripts-5.0.1.tgz",
      "integrity": "sha512-8VAmEm58OEHQwDRUe1+BcmeNhTiGaiv2nKJBNK2CFO2dEDc71LaiBVggOEbOpH/E6onFQD6pAtB9K8kXLPq6nA=="
    },
    "node_modules/loose-envify": {
      "version": "1.4.0",
      "resolved": "https://registry.npmjs.org/loose-envify/-/loose-envify-1.4.0.tgz",
      "integrity": "sha512-lyuxPGr/Wfhrlem2CL/UcnUcanKJHepc/RygQcc6muycJstpPeWKPqVM/5bN7TSWpWIJNKL3D7cHlzySAoGQVQ=="
    },
    "node_modules/scheduler": {
      "version": "0.23.0",
      "resolved": "https://registry.npmjs.org/scheduler/-/scheduler-0.23.0.tgz",
      "integrity": "sha512-Ctutvht4538SSw5YfZ3bziTy50ItFjkJXckeVX33AsNQqkWLSzlMmB91azpg6K2bnNZ28FSMhQ1wcxP7I6jMRQ=="
    }
  },
  "dependencies": {
    "react": {
      "version": "18.2.0",
      "resolved": "https://registry.npmjs.org/react/-/react-18.2.0.tgz",
      "integrity": "sha512-/3IjMdb2L9QbBdWiW5e3P2/npwMBaU9mHCSJWhCoWetS+ZrKj0z0xZ5PJIalok1iujEvanB0ZFclmdoUe2b60A==",
      "requires": {
        "loose-envify": "^1.1.0"
      }
    },
    "react-dom": {
      "version": "18.2.0",
      "resolved": "https://registry.npmjs.org/react-dom/-/react-dom-18.2.0.tgz",
      "integrity": "sha512-6IMTriUmvsjHUjNtEDudZfuDQUcTY4JqWTA+3xH9eoJHaNu3L/0/RuixjwQZZbbVftbzWwxWtsVPAZ+DL+Dt6Q==",
      "requires": {
        "loose-envify": "^1.1.0",
        "scheduler": "^0.23.0"
      }
    },
    "react-scripts": {
      "version": "5.0.1",
      "resolved": "https://registry.npmjs.org/react-scripts/-/react-scripts-5.0.1.tgz",
      "integrity": "sha512-8VAmEm58OEHQwDRUe1+BcmeNhTiGaiv2nKJBNK2CFO2dEDc71LaiBVggOEbOpH/E6onFQD6pAtB9K8kXLPq6nA=="
    },
    "loose-envify": {
      "version": "1.4.0",
      "resolved": "https://registry.npmjs.org/loose-envify/-/loose-envify-1.4.0.tgz",
      "integrity": "sha512-lyuxPGr/Wfhrlem2CL/UcnUcanKJHepc/RygQcc6muycJstpPeWKPqVM/5bN7TSWpWIJNKL3D7cHlzySAoGQVQ=="
    },
    "scheduler": {
      "version": "0.23.0",
      "resolved": "https://registry.npmjs.org/scheduler/-/scheduler-0.23.0.tgz",
      "integrity": "sha512-Ctutvht4538SSw5YfZ3bziTy50ItFjkJXckeVX33AsNQqkWLSzlMmB91azpg6K2bnNZ28FSMhQ1wcxP7I6jMRQ=="
    }
  }
}
